// !$*UTF8*$!
{
	archiveVersion = 1;
	classes = {
	};
	objectVersion = 46;
	objects = {

/* Begin PBXBuildFile section */
		A412B03C1CE042E600B4545C /* ZLCObjeparser.mm in Sources */ = {isa = PBXBuildFile; fileRef = A412B03B1CE042E600B4545C /* ZLCObjeparser.mm */; };
		A412B03F1CE066F100B4545C /* ZLCStlparser.mm in Sources */ = {isa = PBXBuildFile; fileRef = A412B03E1CE066F100B4545C /* ZLCStlparser.mm */; };
		A412B06D1CE074AC00B4545C /* SVProgressHUD.bundle in Resources */ = {isa = PBXBuildFile; fileRef = A412B06A1CE074AC00B4545C /* SVProgressHUD.bundle */; };
		A412B06E1CE074AC00B4545C /* SVProgressHUD.m in Sources */ = {isa = PBXBuildFile; fileRef = A412B06C1CE074AC00B4545C /* SVProgressHUD.m */; };
		A4352F6A1CDC26E000384509 /* ObjePraser.m in Sources */ = {isa = PBXBuildFile; fileRef = A4352F691CDC26E000384509 /* ObjePraser.m */; };
		A43B8ED11D07B3E400AF78E2 /* man11.obj in Resources */ = {isa = PBXBuildFile; fileRef = A43B8ED01D07B3E400AF78E2 /* man11.obj */; };
		A44CDA0D1C56017A007307FE /* k3.stl in Resources */ = {isa = PBXBuildFile; fileRef = A44CDA0C1C56017A007307FE /* k3.stl */; };
		A4B1E2DD1C4F650F006328FE /* main.m in Sources */ = {isa = PBXBuildFile; fileRef = A4B1E2DC1C4F650F006328FE /* main.m */; };
		A4B1E2E01C4F650F006328FE /* AppDelegate.m in Sources */ = {isa = PBXBuildFile; fileRef = A4B1E2DF1C4F650F006328FE /* AppDelegate.m */; };
		A4B1E2E31C4F650F006328FE /* ModelShow_Nic.xcdatamodeld in Sources */ = {isa = PBXBuildFile; fileRef = A4B1E2E11C4F650F006328FE /* ModelShow_Nic.xcdatamodeld */; };
		A4B1E2E51C4F650F006328FE /* Assets.xcassets in Resources */ = {isa = PBXBuildFile; fileRef = A4B1E2E41C4F650F006328FE /* Assets.xcassets */; };
		A4B1E2E81C4F650F006328FE /* LaunchScreen.storyboard in Resources */ = {isa = PBXBuildFile; fileRef = A4B1E2E61C4F650F006328FE /* LaunchScreen.storyboard */; };
		A4B1E2F21C4F654D006328FE /* Foundation.framework in Frameworks */ = {isa = PBXBuildFile; fileRef = A4B1E2F11C4F654D006328FE /* Foundation.framework */; };
		A4B1E2F41C4F6555006328FE /* OpenGLES.framework in Frameworks */ = {isa = PBXBuildFile; fileRef = A4B1E2F31C4F6555006328FE /* OpenGLES.framework */; };
		A4B1E3011C4F664E006328FE /* STLParser.m in Sources */ = {isa = PBXBuildFile; fileRef = A4B1E3001C4F664E006328FE /* STLParser.m */; };
		A4B1E3031C4F666E006328FE /* Tulips.JPG in Resources */ = {isa = PBXBuildFile; fileRef = A4B1E3021C4F666E006328FE /* Tulips.JPG */; };
		A4B1E3061C4F667B006328FE /* v.shader in Resources */ = {isa = PBXBuildFile; fileRef = A4B1E3041C4F667B006328FE /* v.shader */; };
		A4B1E3071C4F667B006328FE /* f.shader in Resources */ = {isa = PBXBuildFile; fileRef = A4B1E3051C4F667B006328FE /* f.shader */; };
		A4B1E3131C4F6B5D006328FE /* MyGlViewController.mm in Sources */ = {isa = PBXBuildFile; fileRef = A4B1E3111C4F6B5D006328FE /* MyGlViewController.mm */; };
		A4B1E3141C4F6B5D006328FE /* MyGlViewController.xib in Resources */ = {isa = PBXBuildFile; fileRef = A4B1E3121C4F6B5D006328FE /* MyGlViewController.xib */; };
		A4B1E31D1C50C3AE006328FE /* RootViewController.m in Sources */ = {isa = PBXBuildFile; fileRef = A4B1E31C1C50C3AE006328FE /* RootViewController.m */; };
		A4B1E31F1C50C5F5006328FE /* 哆啦A梦.stl in Resources */ = {isa = PBXBuildFile; fileRef = A4B1E31E1C50C5F5006328FE /* 哆啦A梦.stl */; };
		A4D2C6381CEBF9F1004E4D23 /* NewParser.mm in Sources */ = {isa = PBXBuildFile; fileRef = A4D2C6371CEBF9F1004E4D23 /* NewParser.mm */; };
		A4D2C63A1CEBFC5C004E4D23 /* SystemConfiguration.framework in Frameworks */ = {isa = PBXBuildFile; fileRef = A4D2C6391CEBFC5C004E4D23 /* SystemConfiguration.framework */; };
		A4D79DFB1CE3077900DEA03A /* ZLCPoint.m in Sources */ = {isa = PBXBuildFile; fileRef = A4D79DFA1CE3077900DEA03A /* ZLCPoint.m */; };
/* End PBXBuildFile section */

/* Begin PBXFileReference section */
		A412B03A1CE042E600B4545C /* ZLCObjeparser.h */ = {isa = PBXFileReference; fileEncoding = 4; lastKnownFileType = sourcecode.c.h; path = ZLCObjeparser.h; sourceTree = "<group>"; };
		A412B03B1CE042E600B4545C /* ZLCObjeparser.mm */ = {isa = PBXFileReference; fileEncoding = 4; lastKnownFileType = sourcecode.cpp.objcpp; path = ZLCObjeparser.mm; sourceTree = "<group>"; };
		A412B03D1CE066F100B4545C /* ZLCStlparser.h */ = {isa = PBXFileReference; fileEncoding = 4; lastKnownFileType = sourcecode.c.h; path = ZLCStlparser.h; sourceTree = "<group>"; };
		A412B03E1CE066F100B4545C /* ZLCStlparser.mm */ = {isa = PBXFileReference; fileEncoding = 4; lastKnownFileType = sourcecode.cpp.objcpp; path = ZLCStlparser.mm; sourceTree = "<group>"; };
		A412B06A1CE074AC00B4545C /* SVProgressHUD.bundle */ = {isa = PBXFileReference; lastKnownFileType = "wrapper.plug-in"; path = SVProgressHUD.bundle; sourceTree = "<group>"; };
		A412B06B1CE074AC00B4545C /* SVProgressHUD.h */ = {isa = PBXFileReference; fileEncoding = 4; lastKnownFileType = sourcecode.c.h; path = SVProgressHUD.h; sourceTree = "<group>"; };
		A412B06C1CE074AC00B4545C /* SVProgressHUD.m */ = {isa = PBXFileReference; fileEncoding = 4; lastKnownFileType = sourcecode.c.objc; path = SVProgressHUD.m; sourceTree = "<group>"; };
		A4352F681CDC26E000384509 /* ObjePraser.h */ = {isa = PBXFileReference; fileEncoding = 4; lastKnownFileType = sourcecode.c.h; path = ObjePraser.h; sourceTree = "<group>"; };
		A4352F691CDC26E000384509 /* ObjePraser.m */ = {isa = PBXFileReference; fileEncoding = 4; lastKnownFileType = sourcecode.c.objc; path = ObjePraser.m; sourceTree = "<group>"; };
		A43B8ED01D07B3E400AF78E2 /* man11.obj */ = {isa = PBXFileReference; fileEncoding = 4; lastKnownFileType = text; name = man11.obj; path = stl_parser/man11.obj; sourceTree = "<group>"; };
		A44CDA0C1C56017A007307FE /* k3.stl */ = {isa = PBXFileReference; fileEncoding = 4; lastKnownFileType = text; name = k3.stl; path = stl_parser/k3.stl; sourceTree = "<group>"; };
		A4B1E2D81C4F650F006328FE /* ModelShow_Nic.app */ = {isa = PBXFileReference; explicitFileType = wrapper.application; includeInIndex = 0; path = ModelShow_Nic.app; sourceTree = BUILT_PRODUCTS_DIR; };
		A4B1E2DC1C4F650F006328FE /* main.m */ = {isa = PBXFileReference; lastKnownFileType = sourcecode.c.objc; path = main.m; sourceTree = "<group>"; };
		A4B1E2DE1C4F650F006328FE /* AppDelegate.h */ = {isa = PBXFileReference; lastKnownFileType = sourcecode.c.h; path = AppDelegate.h; sourceTree = "<group>"; };
		A4B1E2DF1C4F650F006328FE /* AppDelegate.m */ = {isa = PBXFileReference; lastKnownFileType = sourcecode.c.objc; path = AppDelegate.m; sourceTree = "<group>"; };
		A4B1E2E21C4F650F006328FE /* ModelShow_Nic.xcdatamodel */ = {isa = PBXFileReference; lastKnownFileType = wrapper.xcdatamodel; path = ModelShow_Nic.xcdatamodel; sourceTree = "<group>"; };
		A4B1E2E41C4F650F006328FE /* Assets.xcassets */ = {isa = PBXFileReference; lastKnownFileType = folder.assetcatalog; path = Assets.xcassets; sourceTree = "<group>"; };
		A4B1E2E71C4F650F006328FE /* Base */ = {isa = PBXFileReference; lastKnownFileType = file.storyboard; name = Base; path = Base.lproj/LaunchScreen.storyboard; sourceTree = "<group>"; };
		A4B1E2E91C4F650F006328FE /* Info.plist */ = {isa = PBXFileReference; lastKnownFileType = text.plist.xml; path = Info.plist; sourceTree = "<group>"; };
		A4B1E2F11C4F654D006328FE /* Foundation.framework */ = {isa = PBXFileReference; lastKnownFileType = wrapper.framework; name = Foundation.framework; path = System/Library/Frameworks/Foundation.framework; sourceTree = SDKROOT; };
		A4B1E2F31C4F6555006328FE /* OpenGLES.framework */ = {isa = PBXFileReference; lastKnownFileType = wrapper.framework; name = OpenGLES.framework; path = System/Library/Frameworks/OpenGLES.framework; sourceTree = SDKROOT; };
		A4B1E2FF1C4F664E006328FE /* STLParser.h */ = {isa = PBXFileReference; fileEncoding = 4; lastKnownFileType = sourcecode.c.h; path = STLParser.h; sourceTree = "<group>"; };
		A4B1E3001C4F664E006328FE /* STLParser.m */ = {isa = PBXFileReference; fileEncoding = 4; lastKnownFileType = sourcecode.c.objc; path = STLParser.m; sourceTree = "<group>"; };
		A4B1E3021C4F666E006328FE /* Tulips.JPG */ = {isa = PBXFileReference; lastKnownFileType = image.jpeg; name = Tulips.JPG; path = stl_parser/Tulips.JPG; sourceTree = "<group>"; };
		A4B1E3041C4F667B006328FE /* v.shader */ = {isa = PBXFileReference; fileEncoding = 4; lastKnownFileType = text; path = v.shader; sourceTree = "<group>"; };
		A4B1E3051C4F667B006328FE /* f.shader */ = {isa = PBXFileReference; fileEncoding = 4; lastKnownFileType = text; path = f.shader; sourceTree = "<group>"; };
		A4B1E3101C4F6B5D006328FE /* MyGlViewController.h */ = {isa = PBXFileReference; fileEncoding = 4; lastKnownFileType = sourcecode.c.h; path = MyGlViewController.h; sourceTree = "<group>"; };
		A4B1E3111C4F6B5D006328FE /* MyGlViewController.mm */ = {isa = PBXFileReference; fileEncoding = 4; lastKnownFileType = sourcecode.cpp.objcpp; path = MyGlViewController.mm; sourceTree = "<group>"; };
		A4B1E3121C4F6B5D006328FE /* MyGlViewController.xib */ = {isa = PBXFileReference; fileEncoding = 4; lastKnownFileType = file.xib; path = MyGlViewController.xib; sourceTree = "<group>"; };
		A4B1E31B1C50C3AE006328FE /* RootViewController.h */ = {isa = PBXFileReference; fileEncoding = 4; lastKnownFileType = sourcecode.c.h; path = RootViewController.h; sourceTree = "<group>"; };
		A4B1E31C1C50C3AE006328FE /* RootViewController.m */ = {isa = PBXFileReference; fileEncoding = 4; lastKnownFileType = sourcecode.c.objc; path = RootViewController.m; sourceTree = "<group>"; };
		A4B1E31E1C50C5F5006328FE /* 哆啦A梦.stl */ = {isa = PBXFileReference; lastKnownFileType = file; name = "哆啦A梦.stl"; path = "stl_parser/哆啦A梦.stl"; sourceTree = "<group>"; };
		A4D2C6361CEBF9F1004E4D23 /* NewParser.h */ = {isa = PBXFileReference; fileEncoding = 4; lastKnownFileType = sourcecode.c.h; path = NewParser.h; sourceTree = "<group>"; };
		A4D2C6371CEBF9F1004E4D23 /* NewParser.mm */ = {isa = PBXFileReference; fileEncoding = 4; lastKnownFileType = sourcecode.cpp.objcpp; path = NewParser.mm; sourceTree = "<group>"; };
		A4D2C6391CEBFC5C004E4D23 /* SystemConfiguration.framework */ = {isa = PBXFileReference; lastKnownFileType = wrapper.framework; name = SystemConfiguration.framework; path = System/Library/Frameworks/SystemConfiguration.framework; sourceTree = SDKROOT; };
		A4D79DF91CE3077900DEA03A /* ZLCPoint.h */ = {isa = PBXFileReference; fileEncoding = 4; lastKnownFileType = sourcecode.c.h; path = ZLCPoint.h; sourceTree = "<group>"; };
		A4D79DFA1CE3077900DEA03A /* ZLCPoint.m */ = {isa = PBXFileReference; fileEncoding = 4; lastKnownFileType = sourcecode.c.objc; path = ZLCPoint.m; sourceTree = "<group>"; };
/* End PBXFileReference section */

/* Begin PBXFrameworksBuildPhase section */
		A4B1E2D51C4F650F006328FE /* Frameworks */ = {
			isa = PBXFrameworksBuildPhase;
			buildActionMask = 2147483647;
			files = (
				A4D2C63A1CEBFC5C004E4D23 /* SystemConfiguration.framework in Frameworks */,
				A4B1E2F41C4F6555006328FE /* OpenGLES.framework in Frameworks */,
				A4B1E2F21C4F654D006328FE /* Foundation.framework in Frameworks */,
			);
			runOnlyForDeploymentPostprocessing = 0;
		};
/* End PBXFrameworksBuildPhase section */

/* Begin PBXGroup section */
		2B64A1371EE64B2C00E5584A /* Resource */ = {
			isa = PBXGroup;
			children = (
				A4B1E3021C4F666E006328FE /* Tulips.JPG */,
				A43B8ED01D07B3E400AF78E2 /* man11.obj */,
				A44CDA0C1C56017A007307FE /* k3.stl */,
				A4B1E31E1C50C5F5006328FE /* 哆啦A梦.stl */,
			);
			name = Resource;
			sourceTree = "<group>";
		};
		A412B0361CE0428E00B4545C /* ModelFileParser */ = {
			isa = PBXGroup;
			children = (
				A4D2C6361CEBF9F1004E4D23 /* NewParser.h */,
				A4D2C6371CEBF9F1004E4D23 /* NewParser.mm */,
				A412B03A1CE042E600B4545C /* ZLCObjeparser.h */,
				A412B03B1CE042E600B4545C /* ZLCObjeparser.mm */,
				A412B03D1CE066F100B4545C /* ZLCStlparser.h */,
				A412B03E1CE066F100B4545C /* ZLCStlparser.mm */,
			);
			path = ModelFileParser;
			sourceTree = "<group>";
		};
		A412B0691CE074AC00B4545C /* SVProgressHUD */ = {
			isa = PBXGroup;
			children = (
				A412B06A1CE074AC00B4545C /* SVProgressHUD.bundle */,
				A412B06B1CE074AC00B4545C /* SVProgressHUD.h */,
				A412B06C1CE074AC00B4545C /* SVProgressHUD.m */,
			);
			path = SVProgressHUD;
			sourceTree = "<group>";
		};
		A4B1E2CF1C4F650F006328FE = {
			isa = PBXGroup;
			children = (
				A4D2C6391CEBFC5C004E4D23 /* SystemConfiguration.framework */,
				A4B1E2DA1C4F650F006328FE /* ModelShow_Nic */,
				A4B1E2D91C4F650F006328FE /* Products */,
			);
			sourceTree = "<group>";
		};
		A4B1E2D91C4F650F006328FE /* Products */ = {
			isa = PBXGroup;
			children = (
				A4B1E2D81C4F650F006328FE /* ModelShow_Nic.app */,
			);
			name = Products;
			sourceTree = "<group>";
		};
		A4B1E2DA1C4F650F006328FE /* ModelShow_Nic */ = {
			isa = PBXGroup;
			children = (
				A412B0361CE0428E00B4545C /* ModelFileParser */,
				A4B1E2FE1C4F6606006328FE /* stl_parser */,
				2B64A1371EE64B2C00E5584A /* Resource */,
				A4D79DF81CE3074600DEA03A /* NScode */,
				A412B0691CE074AC00B4545C /* SVProgressHUD */,
				A4B1E2DE1C4F650F006328FE /* AppDelegate.h */,
				A4B1E2DF1C4F650F006328FE /* AppDelegate.m */,
				A4B1E31B1C50C3AE006328FE /* RootViewController.h */,
				A4B1E31C1C50C3AE006328FE /* RootViewController.m */,
				A4B1E3101C4F6B5D006328FE /* MyGlViewController.h */,
				A4B1E3111C4F6B5D006328FE /* MyGlViewController.mm */,
				A4B1E3121C4F6B5D006328FE /* MyGlViewController.xib */,
				A4B1E2E41C4F650F006328FE /* Assets.xcassets */,
				A4B1E2E61C4F650F006328FE /* LaunchScreen.storyboard */,
				A4B1E2E91C4F650F006328FE /* Info.plist */,
				A4B1E2E11C4F650F006328FE /* ModelShow_Nic.xcdatamodeld */,
				A4B1E2DB1C4F650F006328FE /* Supporting Files */,
				A4B1E2F51C4F655A006328FE /* FrameWork */,
			);
			path = ModelShow_Nic;
			sourceTree = "<group>";
		};
		A4B1E2DB1C4F650F006328FE /* Supporting Files */ = {
			isa = PBXGroup;
			children = (
				A4B1E2DC1C4F650F006328FE /* main.m */,
			);
			name = "Supporting Files";
			sourceTree = "<group>";
		};
		A4B1E2F51C4F655A006328FE /* FrameWork */ = {
			isa = PBXGroup;
			children = (
				A4B1E2F31C4F6555006328FE /* OpenGLES.framework */,
				A4B1E2F11C4F654D006328FE /* Foundation.framework */,
			);
			name = FrameWork;
			sourceTree = "<group>";
		};
		A4B1E2FE1C4F6606006328FE /* stl_parser */ = {
			isa = PBXGroup;
			children = (
				A4B1E3041C4F667B006328FE /* v.shader */,
				A4B1E3051C4F667B006328FE /* f.shader */,
				A4B1E2FF1C4F664E006328FE /* STLParser.h */,
				A4B1E3001C4F664E006328FE /* STLParser.m */,
				A4352F681CDC26E000384509 /* ObjePraser.h */,
				A4352F691CDC26E000384509 /* ObjePraser.m */,
			);
			path = stl_parser;
			sourceTree = "<group>";
		};
		A4D79DF81CE3074600DEA03A /* NScode */ = {
			isa = PBXGroup;
			children = (
				A4D79DF91CE3077900DEA03A /* ZLCPoint.h */,
				A4D79DFA1CE3077900DEA03A /* ZLCPoint.m */,
			);
			path = NScode;
			sourceTree = "<group>";
		};
/* End PBXGroup section */

/* Begin PBXNativeTarget section */
		A4B1E2D71C4F650F006328FE /* ModelShow_Nic */ = {
			isa = PBXNativeTarget;
			buildConfigurationList = A4B1E2EC1C4F650F006328FE /* Build configuration list for PBXNativeTarget "ModelShow_Nic" */;
			buildPhases = (
				A4B1E2D41C4F650F006328FE /* Sources */,
				A4B1E2D51C4F650F006328FE /* Frameworks */,
				A4B1E2D61C4F650F006328FE /* Resources */,
			);
			buildRules = (
			);
			dependencies = (
			);
			name = ModelShow_Nic;
			productName = ModelShow_Nic;
			productReference = A4B1E2D81C4F650F006328FE /* ModelShow_Nic.app */;
			productType = "com.apple.product-type.application";
		};
/* End PBXNativeTarget section */

/* Begin PBXProject section */
		A4B1E2D01C4F650F006328FE /* Project object */ = {
			isa = PBXProject;
			attributes = {
				LastUpgradeCheck = 0720;
				ORGANIZATIONNAME = shining3d;
				TargetAttributes = {
					A4B1E2D71C4F650F006328FE = {
						CreatedOnToolsVersion = 7.2;
						DevelopmentTeam = JU79U97ECS;
					};
				};
			};
			buildConfigurationList = A4B1E2D31C4F650F006328FE /* Build configuration list for PBXProject "ModelShow_Nic" */;
			compatibilityVersion = "Xcode 3.2";
			developmentRegion = English;
			hasScannedForEncodings = 0;
			knownRegions = (
				en,
				Base,
			);
			mainGroup = A4B1E2CF1C4F650F006328FE;
			productRefGroup = A4B1E2D91C4F650F006328FE /* Products */;
			projectDirPath = "";
			projectRoot = "";
			targets = (
				A4B1E2D71C4F650F006328FE /* ModelShow_Nic */,
			);
		};
/* End PBXProject section */

/* Begin PBXResourcesBuildPhase section */
		A4B1E2D61C4F650F006328FE /* Resources */ = {
			isa = PBXResourcesBuildPhase;
			buildActionMask = 2147483647;
			files = (
				A4B1E2E51C4F650F006328FE /* Assets.xcassets in Resources */,
				A4B1E2E81C4F650F006328FE /* LaunchScreen.storyboard in Resources */,
				A44CDA0D1C56017A007307FE /* k3.stl in Resources */,
				A4B1E3061C4F667B006328FE /* v.shader in Resources */,
				A4B1E31F1C50C5F5006328FE /* 哆啦A梦.stl in Resources */,
				A4B1E3071C4F667B006328FE /* f.shader in Resources */,
				A43B8ED11D07B3E400AF78E2 /* man11.obj in Resources */,
				A412B06D1CE074AC00B4545C /* SVProgressHUD.bundle in Resources */,
				A4B1E3141C4F6B5D006328FE /* MyGlViewController.xib in Resources */,
				A4B1E3031C4F666E006328FE /* Tulips.JPG in Resources */,
			);
			runOnlyForDeploymentPostprocessing = 0;
		};
/* End PBXResourcesBuildPhase section */

/* Begin PBXSourcesBuildPhase section */
		A4B1E2D41C4F650F006328FE /* Sources */ = {
			isa = PBXSourcesBuildPhase;
			buildActionMask = 2147483647;
			files = (
				A412B03F1CE066F100B4545C /* ZLCStlparser.mm in Sources */,
				A4D79DFB1CE3077900DEA03A /* ZLCPoint.m in Sources */,
				A412B03C1CE042E600B4545C /* ZLCObjeparser.mm in Sources */,
				A4B1E2E31C4F650F006328FE /* ModelShow_Nic.xcdatamodeld in Sources */,
				A4B1E2E01C4F650F006328FE /* AppDelegate.m in Sources */,
				A4D2C6381CEBF9F1004E4D23 /* NewParser.mm in Sources */,
				A4352F6A1CDC26E000384509 /* ObjePraser.m in Sources */,
				A4B1E31D1C50C3AE006328FE /* RootViewController.m in Sources */,
				A4B1E3011C4F664E006328FE /* STLParser.m in Sources */,
				A412B06E1CE074AC00B4545C /* SVProgressHUD.m in Sources */,
				A4B1E2DD1C4F650F006328FE /* main.m in Sources */,
				A4B1E3131C4F6B5D006328FE /* MyGlViewController.mm in Sources */,
			);
			runOnlyForDeploymentPostprocessing = 0;
		};
/* End PBXSourcesBuildPhase section */

/* Begin PBXVariantGroup section */
		A4B1E2E61C4F650F006328FE /* LaunchScreen.storyboard */ = {
			isa = PBXVariantGroup;
			children = (
				A4B1E2E71C4F650F006328FE /* Base */,
			);
			name = LaunchScreen.storyboard;
			sourceTree = "<group>";
		};
/* End PBXVariantGroup section */

/* Begin XCBuildConfiguration section */
		A4B1E2EA1C4F650F006328FE /* Debug */ = {
			isa = XCBuildConfiguration;
			buildSettings = {
				ALWAYS_SEARCH_USER_PATHS = NO;
				CLANG_CXX_LANGUAGE_STANDARD = "gnu++0x";
				CLANG_CXX_LIBRARY = "libc++";
				CLANG_ENABLE_MODULES = YES;
				CLANG_ENABLE_OBJC_ARC = YES;
				CLANG_WARN_BOOL_CONVERSION = YES;
				CLANG_WARN_CONSTANT_CONVERSION = YES;
				CLANG_WARN_DIRECT_OBJC_ISA_USAGE = YES_ERROR;
				CLANG_WARN_EMPTY_BODY = YES;
				CLANG_WARN_ENUM_CONVERSION = YES;
				CLANG_WARN_INT_CONVERSION = YES;
				CLANG_WARN_OBJC_ROOT_CLASS = YES_ERROR;
				CLANG_WARN_UNREACHABLE_CODE = YES;
				CLANG_WARN__DUPLICATE_METHOD_MATCH = YES;
				"CODE_SIGN_IDENTITY[sdk=iphoneos*]" = "iPhone Developer";
				COPY_PHASE_STRIP = NO;
				DEBUG_INFORMATION_FORMAT = dwarf;
				ENABLE_STRICT_OBJC_MSGSEND = YES;
				ENABLE_TESTABILITY = YES;
				GCC_C_LANGUAGE_STANDARD = gnu99;
				GCC_DYNAMIC_NO_PIC = NO;
				GCC_NO_COMMON_BLOCKS = YES;
				GCC_OPTIMIZATION_LEVEL = 0;
				GCC_PREPROCESSOR_DEFINITIONS = (
					"DEBUG=1",
					"$(inherited)",
				);
				GCC_WARN_64_TO_32_BIT_CONVERSION = YES;
				GCC_WARN_ABOUT_RETURN_TYPE = YES_ERROR;
				GCC_WARN_UNDECLARED_SELECTOR = YES;
				GCC_WARN_UNINITIALIZED_AUTOS = YES_AGGRESSIVE;
				GCC_WARN_UNUSED_FUNCTION = YES;
				GCC_WARN_UNUSED_VARIABLE = YES;
				IPHONEOS_DEPLOYMENT_TARGET = 9.2;
				MTL_ENABLE_DEBUG_INFO = YES;
				ONLY_ACTIVE_ARCH = YES;
				SDKROOT = iphoneos;
				TARGETED_DEVICE_FAMILY = "1,2";
			};
			name = Debug;
		};
		A4B1E2EB1C4F650F006328FE /* Release */ = {
			isa = XCBuildConfiguration;
			buildSettings = {
				ALWAYS_SEARCH_USER_PATHS = NO;
				CLANG_CXX_LANGUAGE_STANDARD = "gnu++0x";
				CLANG_CXX_LIBRARY = "libc++";
				CLANG_ENABLE_MODULES = YES;
				CLANG_ENABLE_OBJC_ARC = YES;
				CLANG_WARN_BOOL_CONVERSION = YES;
				CLANG_WARN_CONSTANT_CONVERSION = YES;
				CLANG_WARN_DIRECT_OBJC_ISA_USAGE = YES_ERROR;
				CLANG_WARN_EMPTY_BODY = YES;
				CLANG_WARN_ENUM_CONVERSION = YES;
				CLANG_WARN_INT_CONVERSION = YES;
				CLANG_WARN_OBJC_ROOT_CLASS = YES_ERROR;
				CLANG_WARN_UNREACHABLE_CODE = YES;
				CLANG_WARN__DUPLICATE_METHOD_MATCH = YES;
				"CODE_SIGN_IDENTITY[sdk=iphoneos*]" = "iPhone Developer";
				COPY_PHASE_STRIP = NO;
				DEBUG_INFORMATION_FORMAT = "dwarf-with-dsym";
				ENABLE_NS_ASSERTIONS = NO;
				ENABLE_STRICT_OBJC_MSGSEND = YES;
				GCC_C_LANGUAGE_STANDARD = gnu99;
				GCC_NO_COMMON_BLOCKS = YES;
				GCC_WARN_64_TO_32_BIT_CONVERSION = YES;
				GCC_WARN_ABOUT_RETURN_TYPE = YES_ERROR;
				GCC_WARN_UNDECLARED_SELECTOR = YES;
				GCC_WARN_UNINITIALIZED_AUTOS = YES_AGGRESSIVE;
				GCC_WARN_UNUSED_FUNCTION = YES;
				GCC_WARN_UNUSED_VARIABLE = YES;
				IPHONEOS_DEPLOYMENT_TARGET = 9.2;
				MTL_ENABLE_DEBUG_INFO = NO;
				SDKROOT = iphoneos;
				TARGETED_DEVICE_FAMILY = "1,2";
				VALIDATE_PRODUCT = YES;
			};
			name = Release;
		};
		A4B1E2ED1C4F650F006328FE /* Debug */ = {
			isa = XCBuildConfiguration;
			buildSettings = {
				ASSETCATALOG_COMPILER_APPICON_NAME = AppIcon;
				INFOPLIST_FILE = ModelShow_Nic/Info.plist;
				LD_RUNPATH_SEARCH_PATHS = "$(inherited) @executable_path/Frameworks";
				PRODUCT_BUNDLE_IDENTIFIER = "shining3d.ModelShow-Nic";
				PRODUCT_NAME = "$(TARGET_NAME)";
			};
			name = Debug;
		};
		A4B1E2EE1C4F650F006328FE /* Release */ = {
			isa = XCBuildConfiguration;
			buildSettings = {
				ASSETCATALOG_COMPILER_APPICON_NAME = AppIcon;
				INFOPLIST_FILE = ModelShow_Nic/Info.plist;
				LD_RUNPATH_SEARCH_PATHS = "$(inherited) @executable_path/Frameworks";
				PRODUCT_BUNDLE_IDENTIFIER = "shining3d.ModelShow-Nic";
				PRODUCT_NAME = "$(TARGET_NAME)";
			};
			name = Release;
		};
/* End XCBuildConfiguration section */

/* Begin XCConfigurationList section */
		A4B1E2D31C4F650F006328FE /* Build configuration list for PBXProject "ModelShow_Nic" */ = {
			isa = XCConfigurationList;
			buildConfigurations = (
				A4B1E2EA1C4F650F006328FE /* Debug */,
				A4B1E2EB1C4F650F006328FE /* Release */,
			);
			defaultConfigurationIsVisible = 0;
			defaultConfigurationName = Release;
		};
		A4B1E2EC1C4F650F006328FE /* Build configuration list for PBXNativeTarget "ModelShow_Nic" */ = {
			isa = XCConfigurationList;
			buildConfigurations = (
				A4B1E2ED1C4F650F006328FE /* Debug */,
				A4B1E2EE1C4F650F006328FE /* Release */,
			);
			defaultConfigurationIsVisible = 0;
			defaultConfigurationName = Release;
		};
/* End XCConfigurationList section */

/* Begin XCVersionGroup section */
		A4B1E2E11C4F650F006328FE /* ModelShow_Nic.xcdatamodeld */ = {
			isa = XCVersionGroup;
			children = (
				A4B1E2E21C4F650F006328FE /* ModelShow_Nic.xcdatamodel */,
			);
			currentVersion = A4B1E2E21C4F650F006328FE /* ModelShow_Nic.xcdatamodel */;
			path = ModelShow_Nic.xcdatamodeld;
			sourceTree = "<group>";
			versionGroupType = wrapper.xcdatamodel;
		};
/* End XCVersionGroup section */
	};
	rootObject = A4B1E2D01C4F650F006328FE /* Project object */;
}
